{
    "phpdocumentor/reflection-common": {
        "version": "2.2.0"
    },
    "phpdocumentor/reflection-docblock": {
        "version": "5.2.2"
    },
    "phpdocumentor/type-resolver": {
        "version": "1.4.0"
    },
    "symfony/property-access": {
        "version": "v5.2.4"
    },
    "symfony/property-info": {
        "version": "v5.2.7"
    },
    "symfony/serializer": {
        "version": "v5.2.7"
    },
    "symfony/serializer-pack": {
        "version": "v1.0.4"
    },
    "symfony/translation-contracts": {
        "version": "v2.4.0"
    },
    "symfony/validator": {
        "version": "4.3",
        "recipe": {
            "repo": "github.com/symfony/recipes",
            "branch": "master",
            "version": "4.3",
            "ref": "d902da3e4952f18d3bf05aab29512eb61cabd869"
        },
        "files": [
            "config/packages/test/validator.yaml",
            "config/packages/validator.yaml"
        ]
    },
    "webmozart/assert": {
        "version": "1.10.0"
    }
}
